{
  "name": "http-listener",
  "version": "1.0.0",
  "lockfileVersion": 3,
  "requires": true,
  "packages": {
    "": {
      "name": "http-listener",
      "version": "1.0.0",
      "license": "MIT-0",
      "dependencies": {
        "@aws/toolkit-for-aws-lambda-extensions": "file:../../lib"
      }
    },
    "../../lib": {
      "version": "0.0.1",
      "license": "Apache-2.0"
    },
    "node_modules/@aws/toolkit-for-aws-lambda-extensions": {
      "resolved": "../../lib",
      "link": true
    }
  }
}
